// !$*UTF8*$!
{
	archiveVersion = 1;
	classes = {
	};
	objectVersion = 46;
	objects = {

/* Begin PBXBuildFile section */
		371021A21C4532CF0080F842 /* AppDelegate.swift in Sources */ = {isa = PBXBuildFile; fileRef = 371021A11C4532CF0080F842 /* AppDelegate.swift */; };
		371021A41C4532CF0080F842 /* ViewController.swift in Sources */ = {isa = PBXBuildFile; fileRef = 371021A31C4532CF0080F842 /* ViewController.swift */; };
		371021A71C4532CF0080F842 /* Main.storyboard in Resources */ = {isa = PBXBuildFile; fileRef = 371021A51C4532CF0080F842 /* Main.storyboard */; };
		371021A91C4532CF0080F842 /* Assets.xcassets in Resources */ = {isa = PBXBuildFile; fileRef = 371021A81C4532CF0080F842 /* Assets.xcassets */; };
/* End PBXBuildFile section */

/* Begin PBXFileReference section */
		3710219E1C4532CF0080F842 /* MapKit tvOS.app */ = {isa = PBXFileReference; explicitFileType = wrapper.application; includeInIndex = 0; path = "MapKit tvOS.app"; sourceTree = BUILT_PRODUCTS_DIR; };
		371021A11C4532CF0080F842 /* AppDelegate.swift */ = {isa = PBXFileReference; lastKnownFileType = sourcecode.swift; path = AppDelegate.swift; sourceTree = "<group>"; };
		371021A31C4532CF0080F842 /* ViewController.swift */ = {isa = PBXFileReference; lastKnownFileType = sourcecode.swift; path = ViewController.swift; sourceTree = "<group>"; };
		371021A61C4532CF0080F842 /* Base */ = {isa = PBXFileReference; lastKnownFileType = file.storyboard; name = Base; path = Base.lproj/Main.storyboard; sourceTree = "<group>"; };
		371021A81C4532CF0080F842 /* Assets.xcassets */ = {isa = PBXFileReference; lastKnownFileType = folder.assetcatalog; path = Assets.xcassets; sourceTree = "<group>"; };
		371021AA1C4532CF0080F842 /* Info.plist */ = {isa = PBXFileReference; lastKnownFileType = text.plist.xml; path = Info.plist; sourceTree = "<group>"; };
/* End PBXFileReference section */

/* Begin PBXFrameworksBuildPhase section */
		3710219B1C4532CF0080F842 /* Frameworks */ = {
			isa = PBXFrameworksBuildPhase;
			buildActionMask = 2147483647;
			files = (
			);
			runOnlyForDeploymentPostprocessing = 0;
		};
/* End PBXFrameworksBuildPhase section */

/* Begin PBXGroup section */
		371021951C4532CF0080F842 = {
			isa = PBXGroup;
			children = (
				371021A01C4532CF0080F842 /* MapKit tvOS */,
				3710219F1C4532CF0080F842 /* Products */,
			);
			sourceTree = "<group>";
		};
		3710219F1C4532CF0080F842 /* Products */ = {
			isa = PBXGroup;
			children = (
				3710219E1C4532CF0080F842 /* MapKit tvOS.app */,
			);
			name = Products;
			sourceTree = "<group>";
		};
		371021A01C4532CF0080F842 /* MapKit tvOS */ = {
			isa = PBXGroup;
			children = (
				371021A11C4532CF0080F842 /* AppDelegate.swift */,
				371021A31C4532CF0080F842 /* ViewController.swift */,
				371021A51C4532CF0080F842 /* Main.storyboard */,
				371021A81C4532CF0080F842 /* Assets.xcassets */,
				371021AA1C4532CF0080F842 /* Info.plist */,
			);
			name = "MapKit tvOS";
			path = ghhghhh;
			sourceTree = "<group>";
		};
/* End PBXGroup section */

/* Begin PBXNativeTarget section */
		3710219D1C4532CF0080F842 /* MapKit tvOS */ = {
			isa = PBXNativeTarget;
			buildConfigurationList = 371021AD1C4532CF0080F842 /* Build configuration list for PBXNativeTarget "MapKit tvOS" */;
			buildPhases = (
				3710219A1C4532CF0080F842 /* Sources */,
				3710219B1C4532CF0080F842 /* Frameworks */,
				3710219C1C4532CF0080F842 /* Resources */,
			);
			buildRules = (
			);
			dependencies = (
			);
			name = "MapKit tvOS";
			productName = ghhghhh;
			productReference = 3710219E1C4532CF0080F842 /* MapKit tvOS.app */;
			productType = "com.apple.product-type.application";
		};
/* End PBXNativeTarget section */

/* Begin PBXProject section */
		371021961C4532CF0080F842 /* Project object */ = {
			isa = PBXProject;
			attributes = {
				LastSwiftUpdateCheck = 0730;
				LastUpgradeCheck = 0730;
				ORGANIZATIONNAME = Nicolas;
				TargetAttributes = {
					3710219D1C4532CF0080F842 = {
						CreatedOnToolsVersion = 7.3;
						DevelopmentTeam = QVR49V3772;
					};
				};
			};
			buildConfigurationList = 371021991C4532CF0080F842 /* Build configuration list for PBXProject "MapKit tvOS" */;
			compatibilityVersion = "Xcode 3.2";
			developmentRegion = English;
			hasScannedForEncodings = 0;
			knownRegions = (
				en,
				Base,
			);
			mainGroup = 371021951C4532CF0080F842;
			productRefGroup = 3710219F1C4532CF0080F842 /* Products */;
			projectDirPath = "";
			projectRoot = "";
			targets = (
				3710219D1C4532CF0080F842 /* MapKit tvOS */,
			);
		};
/* End PBXProject section */

/* Begin PBXResourcesBuildPhase section */
		3710219C1C4532CF0080F842 /* Resources */ = {
			isa = PBXResourcesBuildPhase;
			buildActionMask = 2147483647;
			files = (
				371021A91C4532CF0080F842 /* Assets.xcassets in Resources */,
				371021A71C4532CF0080F842 /* Main.storyboard in Resources */,
			);
			runOnlyForDeploymentPostprocessing = 0;
		};
/* End PBXResourcesBuildPhase section */

/* Begin PBXSourcesBuildPhase section */
		3710219A1C4532CF0080F842 /* Sources */ = {
			isa = PBXSourcesBuildPhase;
			buildActionMask = 2147483647;
			files = (
				371021A41C4532CF0080F842 /* ViewController.swift in Sources */,
				371021A21C4532CF0080F842 /* AppDelegate.swift in Sources */,
			);
			runOnlyForDeploymentPostprocessing = 0;
		};
/* End PBXSourcesBuildPhase section */

/* Begin PBXVariantGroup section */
		371021A51C4532CF0080F842 /* Main.storyboard */ = {
			isa = PBXVariantGroup;
			children = (
				371021A61C4532CF0080F842 /* Base */,
			);
			name = Main.storyboard;
			sourceTree = "<group>";
		};
/* End PBXVariantGroup section */

/* Begin XCBuildConfiguration section */
		371021AB1C4532CF0080F842 /* Debug */ = {
			isa = XCBuildConfiguration;
			buildSettings = {
				ALWAYS_SEARCH_USER_PATHS = NO;
				CLANG_CXX_LANGUAGE_STANDARD = "gnu++0x";
				CLANG_CXX_LIBRARY = "libc++";
				CLANG_ENABLE_MODULES = YES;
				CLANG_ENABLE_OBJC_ARC = YES;
				CLANG_WARN_BOOL_CONVERSION = YES;
				CLANG_WARN_CONSTANT_CONVERSION = YES;
				CLANG_WARN_DIRECT_OBJC_ISA_USAGE = YES_ERROR;
				CLANG_WARN_EMPTY_BODY = YES;
				CLANG_WARN_ENUM_CONVERSION = YES;
				CLANG_WARN_INT_CONVERSION = YES;
				CLANG_WARN_OBJC_ROOT_CLASS = YES_ERROR;
				CLANG_WARN_UNREACHABLE_CODE = YES;
				CLANG_WARN__DUPLICATE_METHOD_MATCH = YES;
				COPY_PHASE_STRIP = NO;
				DEBUG_INFORMATION_FORMAT = dwarf;
				ENABLE_STRICT_OBJC_MSGSEND = YES;
				ENABLE_TESTABILITY = YES;
				GCC_C_LANGUAGE_STANDARD = gnu99;
				GCC_DYNAMIC_NO_PIC = NO;
				GCC_NO_COMMON_BLOCKS = YES;
				GCC_OPTIMIZATION_LEVEL = 0;
				GCC_PREPROCESSOR_DEFINITIONS = (
					"DEBUG=1",
					"$(inherited)",
				);
				GCC_WARN_64_TO_32_BIT_CONVERSION = YES;
				GCC_WARN_ABOUT_RETURN_TYPE = YES_ERROR;
				GCC_WARN_UNDECLARED_SELECTOR = YES;
				GCC_WARN_UNINITIALIZED_AUTOS = YES_AGGRESSIVE;
				GCC_WARN_UNUSED_FUNCTION = YES;
				GCC_WARN_UNUSED_VARIABLE = YES;
				MTL_ENABLE_DEBUG_INFO = YES;
				ONLY_ACTIVE_ARCH = YES;
				SDKROOT = appletvos;
				SWIFT_OPTIMIZATION_LEVEL = "-Onone";
				TARGETED_DEVICE_FAMILY = 3;
				TVOS_DEPLOYMENT_TARGET = 9.2;
			};
			name = Debug;
		};
		371021AC1C4532CF0080F842 /* Release */ = {
			isa = XCBuildConfiguration;
			buildSettings = {
				ALWAYS_SEARCH_USER_PATHS = NO;
				CLANG_CXX_LANGUAGE_STANDARD = "gnu++0x";
				CLANG_CXX_LIBRARY = "libc++";
				CLANG_ENABLE_MODULES = YES;
				CLANG_ENABLE_OBJC_ARC = YES;
				CLANG_WARN_BOOL_CONVERSION = YES;
				CLANG_WARN_CONSTANT_CONVERSION = YES;
				CLANG_WARN_DIRECT_OBJC_ISA_USAGE = YES_ERROR;
				CLANG_WARN_EMPTY_BODY = YES;
				CLANG_WARN_ENUM_CONVERSION = YES;
				CLANG_WARN_INT_CONVERSION = YES;
				CLANG_WARN_OBJC_ROOT_CLASS = YES_ERROR;
				CLANG_WARN_UNREACHABLE_CODE = YES;
				CLANG_WARN__DUPLICATE_METHOD_MATCH = YES;
				COPY_PHASE_STRIP = NO;
				DEBUG_INFORMATION_FORMAT = "dwarf-with-dsym";
				ENABLE_NS_ASSERTIONS = NO;
				ENABLE_STRICT_OBJC_MSGSEND = YES;
				GCC_C_LANGUAGE_STANDARD = gnu99;
				GCC_NO_COMMON_BLOCKS = YES;
				GCC_WARN_64_TO_32_BIT_CONVERSION = YES;
				GCC_WARN_ABOUT_RETURN_TYPE = YES_ERROR;
				GCC_WARN_UNDECLARED_SELECTOR = YES;
				GCC_WARN_UNINITIALIZED_AUTOS = YES_AGGRESSIVE;
				GCC_WARN_UNUSED_FUNCTION = YES;
				GCC_WARN_UNUSED_VARIABLE = YES;
				MTL_ENABLE_DEBUG_INFO = NO;
				SDKROOT = appletvos;
				TARGETED_DEVICE_FAMILY = 3;
				TVOS_DEPLOYMENT_TARGET = 9.2;
				VALIDATE_PRODUCT = YES;
			};
			name = Release;
		};
		371021AE1C4532CF0080F842 /* Debug */ = {
			isa = XCBuildConfiguration;
			buildSettings = {
				ASSETCATALOG_COMPILER_APPICON_NAME = "App Icon & Top Shelf Image";
				ASSETCATALOG_COMPILER_LAUNCHIMAGE_NAME = LaunchImage;
				CODE_SIGN_IDENTITY = "iPhone Developer";
				"CODE_SIGN_IDENTITY[sdk=appletvos*]" = "iPhone Developer";
				INFOPLIST_FILE = ghhghhh/Info.plist;
				LD_RUNPATH_SEARCH_PATHS = "$(inherited) @executable_path/Frameworks";
				PRODUCT_BUNDLE_IDENTIFIER = macg.MapKit.tvOS;
				PRODUCT_NAME = "MapKit tvOS";
				PROVISIONING_PROFILE = "";
			};
			name = Debug;
		};
		371021AF1C4532CF0080F842 /* Release */ = {
			isa = XCBuildConfiguration;
			buildSettings = {
				ASSETCATALOG_COMPILER_APPICON_NAME = "App Icon & Top Shelf Image";
				ASSETCATALOG_COMPILER_LAUNCHIMAGE_NAME = LaunchImage;
				CODE_SIGN_IDENTITY = "iPhone Developer";
				"CODE_SIGN_IDENTITY[sdk=appletvos*]" = "iPhone Developer";
				INFOPLIST_FILE = ghhghhh/Info.plist;
				LD_RUNPATH_SEARCH_PATHS = "$(inherited) @executable_path/Frameworks";
				PRODUCT_BUNDLE_IDENTIFIER = macg.MapKit.tvOS;
				PRODUCT_NAME = "MapKit tvOS";
				PROVISIONING_PROFILE = "";
			};
			name = Release;
		};
/* End XCBuildConfiguration section */

/* Begin XCConfigurationList section */
		371021991C4532CF0080F842 /* Build configuration list for PBXProject "MapKit tvOS" */ = {
			isa = XCConfigurationList;
			buildConfigurations = (
				371021AB1C4532CF0080F842 /* Debug */,
				371021AC1C4532CF0080F842 /* Release */,
			);
			defaultConfigurationIsVisible = 0;
			defaultConfigurationName = Release;
		};
		371021AD1C4532CF0080F842 /* Build configuration list for PBXNativeTarget "MapKit tvOS" */ = {
			isa = XCConfigurationList;
			buildConfigurations = (
				371021AE1C4532CF0080F842 /* Debug */,
				371021AF1C4532CF0080F842 /* Release */,
			);
			defaultConfigurationIsVisible = 0;
			defaultConfigurationName = Release;
		};
/* End XCConfigurationList section */
	};
	rootObject = 371021961C4532CF0080F842 /* Project object */;
}
